# This file is autogenerated, do not edit; changes may be undone by the next 'dep ensure'.


[[projects]]
  name = "github.com/DATA-DOG/fastroute"
  packages = ["."]
  revision = "13d0fe70d2b340865e1122149d7653d475a39210"
  version = "v1.0.0"

[[projects]]
  name = "github.com/go-chi/chi"
  packages = ["."]
  revision = "b5294d10673813fac8558e7f47242bc9e61b4c25"
  version = "v3.3.3"

[[projects]]
  name = "github.com/go-sql-driver/mysql"
  packages = ["."]
  revision = "d523deb1b23d913de5bdada721a6071e71283618"
  version = "v1.4.0"

[[projects]]
  name = "github.com/go-stack/stack"
  packages = ["."]
  revision = "2fee6af1a9795aafbe0253a0cfbdf668e1fb8a9a"
  version = "v1.8.0"

[[projects]]
  branch = "master"
  name = "github.com/golang/snappy"
  packages = ["."]
  revision = "2e65f85255dbc3072edf28d6b5b8efc472979f5a"

[[projects]]
  name = "github.com/mongodb/mongo-go-driver"
  packages = ["bson","bson/bsoncodec","bson/bsoncore","bson/bsonrw","bson/bsontype","bson/decimal","bson/elements","bson/objectid","bson/parser","bson/parser/ast","core/address","core/auth","core/auth/internal/gssapi","core/command","core/compressor","core/connection","core/connstring","core/description","core/dispatch","core/event","core/option","core/readconcern","core/readpref","core/result","core/session","core/tag","core/topology","core/uuid","core/version","core/wiremessage","core/writeconcern","internal","mongo","mongo/aggregateopt","mongo/bulkwriteopt","mongo/changestreamopt","mongo/clientopt","mongo/collectionopt","mongo/countopt","mongo/dbopt","mongo/deleteopt","mongo/distinctopt","mongo/dropcollopt","mongo/findopt","mongo/indexopt","mongo/insertopt","mongo/listcollectionopt","mongo/listdbopt","mongo/mongoopt","mongo/replaceopt","mongo/runcmdopt","mongo/sessionopt","mongo/transactionopt","mongo/updateopt"]
  revision = "8db96a607cde2fea156d9a72c26aa09271592591"
  version = "v0.0.17"

[[projects]]
  branch = "master"
  name = "github.com/xdg/scram"
  packages = ["."]
  revision = "7eeb5667e42c09cb51bf7b7c28aea8c56767da90"

[[projects]]
  name = "github.com/xdg/stringprep"
  packages = ["."]
  revision = "bd625b8dc1e3b0f57412280ccbcc317f0c69d8db"
  version = "v1.0.0"

[[projects]]
  branch = "master"
  name = "github.com/xeipuuv/gojsonpointer"
  packages = ["."]
  revision = "4e3ac2762d5f479393488629ee9370b50873b3a6"

[[projects]]
  branch = "master"
  name = "github.com/xeipuuv/gojsonreference"
  packages = ["."]
  revision = "bd5ef7bd5415a7ac448318e64f11a24cd21e594b"

[[projects]]
  name = "github.com/xeipuuv/gojsonschema"
  packages = ["."]
  revision = "da425ebb7609ba06a0f395fc8a254d1c303364a0"
  version = "v1.0"

[[projects]]
  branch = "master"
  name = "golang.org/x/crypto"
  packages = ["pbkdf2"]
  revision = "e84da0312774c21d64ee2317962ef669b27ffb41"

[[projects]]
  branch = "master"
  name = "golang.org/x/net"
  packages = ["context"]
  revision = "9b4f9f5ad5197c79fd623a3638e70d8b26cef344"

[[projects]]
  branch = "master"
  name = "golang.org/x/sync"
  packages = ["semaphore"]
  revision = "1d60e4601c6fd243af51cc01ddf169918a5407ca"

[[projects]]
  name = "golang.org/x/text"
  packages = ["internal/gen","internal/triegen","internal/ucd","transform","unicode/cldr","unicode/norm"]
  revision = "f21a4dfb5e38f5895301dc265a8def02365cc3d0"
  version = "v0.3.0"

[[projects]]
  name = "google.golang.org/appengine"
  packages = ["cloudsql"]
  revision = "ae0ab99deb4dc413a2b4bd6c8bdd0eb67f1e4d06"
  version = "v1.2.0"

[[projects]]
  name = "gopkg.in/yaml.v2"
  packages = ["."]
  revision = "5420a8b6744d3b0345ab293f6fcba19c978f1183"
  version = "v2.2.1"

[solve-meta]
  analyzer-name = "dep"
  analyzer-version = 1
  inputs-digest = "aadd9fb6b9f93ebfd3887540d5efda219c0bf3d697354363d216222238ce72da"
  solver-name = "gps-cdcl"
  solver-version = 1
